// !$*UTF8*$!
{
	archiveVersion = 1;
	classes = {
	};
	objectVersion = 50;
	objects = {

/* Begin PBXBuildFile section */
		5502A68023F0DD5500E3E25A /* SavesViewController.swift in Sources */ = {isa = PBXBuildFile; fileRef = 5502A67F23F0DD5500E3E25A /* SavesViewController.swift */; };
		5502A68423F0E6E300E3E25A /* NumbersCell.swift in Sources */ = {isa = PBXBuildFile; fileRef = 5502A68323F0E6E300E3E25A /* NumbersCell.swift */; };
		5502A68723F0E77B00E3E25A /* Result.swift in Sources */ = {isa = PBXBuildFile; fileRef = 5502A68623F0E77B00E3E25A /* Result.swift */; };
		5596B65E23ECABFA00C6D1C5 /* AppDelegate.swift in Sources */ = {isa = PBXBuildFile; fileRef = 5596B65D23ECABFA00C6D1C5 /* AppDelegate.swift */; };
		5596B66023ECABFA00C6D1C5 /* SceneDelegate.swift in Sources */ = {isa = PBXBuildFile; fileRef = 5596B65F23ECABFA00C6D1C5 /* SceneDelegate.swift */; };
		5596B66223ECABFA00C6D1C5 /* CalculatorViewController.swift in Sources */ = {isa = PBXBuildFile; fileRef = 5596B66123ECABFA00C6D1C5 /* CalculatorViewController.swift */; };
		5596B66523ECABFA00C6D1C5 /* Main.storyboard in Resources */ = {isa = PBXBuildFile; fileRef = 5596B66323ECABFA00C6D1C5 /* Main.storyboard */; };
		5596B66723ECABFB00C6D1C5 /* Assets.xcassets in Resources */ = {isa = PBXBuildFile; fileRef = 5596B66623ECABFB00C6D1C5 /* Assets.xcassets */; };
		5596B66A23ECABFB00C6D1C5 /* LaunchScreen.storyboard in Resources */ = {isa = PBXBuildFile; fileRef = 5596B66823ECABFB00C6D1C5 /* LaunchScreen.storyboard */; };
/* End PBXBuildFile section */

/* Begin PBXFileReference section */
		5502A67F23F0DD5500E3E25A /* SavesViewController.swift */ = {isa = PBXFileReference; lastKnownFileType = sourcecode.swift; path = SavesViewController.swift; sourceTree = "<group>"; };
		5502A68323F0E6E300E3E25A /* NumbersCell.swift */ = {isa = PBXFileReference; lastKnownFileType = sourcecode.swift; path = NumbersCell.swift; sourceTree = "<group>"; };
		5502A68623F0E77B00E3E25A /* Result.swift */ = {isa = PBXFileReference; lastKnownFileType = sourcecode.swift; path = Result.swift; sourceTree = "<group>"; };
		5596B65A23ECABFA00C6D1C5 /* Calculator.app */ = {isa = PBXFileReference; explicitFileType = wrapper.application; includeInIndex = 0; path = Calculator.app; sourceTree = BUILT_PRODUCTS_DIR; };
		5596B65D23ECABFA00C6D1C5 /* AppDelegate.swift */ = {isa = PBXFileReference; lastKnownFileType = sourcecode.swift; path = AppDelegate.swift; sourceTree = "<group>"; };
		5596B65F23ECABFA00C6D1C5 /* SceneDelegate.swift */ = {isa = PBXFileReference; lastKnownFileType = sourcecode.swift; path = SceneDelegate.swift; sourceTree = "<group>"; };
		5596B66123ECABFA00C6D1C5 /* CalculatorViewController.swift */ = {isa = PBXFileReference; lastKnownFileType = sourcecode.swift; path = CalculatorViewController.swift; sourceTree = "<group>"; };
		5596B66423ECABFA00C6D1C5 /* Base */ = {isa = PBXFileReference; lastKnownFileType = file.storyboard; name = Base; path = Base.lproj/Main.storyboard; sourceTree = "<group>"; };
		5596B66623ECABFB00C6D1C5 /* Assets.xcassets */ = {isa = PBXFileReference; lastKnownFileType = folder.assetcatalog; path = Assets.xcassets; sourceTree = "<group>"; };
		5596B66923ECABFB00C6D1C5 /* Base */ = {isa = PBXFileReference; lastKnownFileType = file.storyboard; name = Base; path = Base.lproj/LaunchScreen.storyboard; sourceTree = "<group>"; };
		5596B66B23ECABFB00C6D1C5 /* Info.plist */ = {isa = PBXFileReference; lastKnownFileType = text.plist.xml; path = Info.plist; sourceTree = "<group>"; };
/* End PBXFileReference section */

/* Begin PBXFrameworksBuildPhase section */
		5596B65723ECABFA00C6D1C5 /* Frameworks */ = {
			isa = PBXFrameworksBuildPhase;
			buildActionMask = 2147483647;
			files = (
			);
			runOnlyForDeploymentPostprocessing = 0;
		};
/* End PBXFrameworksBuildPhase section */

/* Begin PBXGroup section */
		5502A68123F0E6B200E3E25A /* Controllers */ = {
			isa = PBXGroup;
			children = (
				5596B66123ECABFA00C6D1C5 /* CalculatorViewController.swift */,
				5502A67F23F0DD5500E3E25A /* SavesViewController.swift */,
			);
			path = Controllers;
			sourceTree = "<group>";
		};
		5502A68223F0E6C000E3E25A /* Cells */ = {
			isa = PBXGroup;
			children = (
				5502A68323F0E6E300E3E25A /* NumbersCell.swift */,
			);
			path = Cells;
			sourceTree = "<group>";
		};
		5502A68523F0E75300E3E25A /* Entities */ = {
			isa = PBXGroup;
			children = (
				5502A68623F0E77B00E3E25A /* Result.swift */,
			);
			path = Entities;
			sourceTree = "<group>";
		};
		5596B65123ECABFA00C6D1C5 = {
			isa = PBXGroup;
			children = (
				5596B65C23ECABFA00C6D1C5 /* Calculator */,
				5596B65B23ECABFA00C6D1C5 /* Products */,
			);
			sourceTree = "<group>";
		};
		5596B65B23ECABFA00C6D1C5 /* Products */ = {
			isa = PBXGroup;
			children = (
				5596B65A23ECABFA00C6D1C5 /* Calculator.app */,
			);
			name = Products;
			sourceTree = "<group>";
		};
		5596B65C23ECABFA00C6D1C5 /* Calculator */ = {
			isa = PBXGroup;
			children = (
				5502A68523F0E75300E3E25A /* Entities */,
				5502A68223F0E6C000E3E25A /* Cells */,
				5502A68123F0E6B200E3E25A /* Controllers */,
				5596B65D23ECABFA00C6D1C5 /* AppDelegate.swift */,
				5596B65F23ECABFA00C6D1C5 /* SceneDelegate.swift */,
				5596B66323ECABFA00C6D1C5 /* Main.storyboard */,
				5596B66623ECABFB00C6D1C5 /* Assets.xcassets */,
				5596B66823ECABFB00C6D1C5 /* LaunchScreen.storyboard */,
				5596B66B23ECABFB00C6D1C5 /* Info.plist */,
			);
			path = Calculator;
			sourceTree = "<group>";
		};
/* End PBXGroup section */

/* Begin PBXNativeTarget section */
		5596B65923ECABFA00C6D1C5 /* Calculator */ = {
			isa = PBXNativeTarget;
			buildConfigurationList = 5596B66E23ECABFB00C6D1C5 /* Build configuration list for PBXNativeTarget "Calculator" */;
			buildPhases = (
				5596B65623ECABFA00C6D1C5 /* Sources */,
				5596B65723ECABFA00C6D1C5 /* Frameworks */,
				5596B65823ECABFA00C6D1C5 /* Resources */,
			);
			buildRules = (
			);
			dependencies = (
			);
			name = Calculator;
			productName = Calculator;
			productReference = 5596B65A23ECABFA00C6D1C5 /* Calculator.app */;
			productType = "com.apple.product-type.application";
		};
/* End PBXNativeTarget section */

/* Begin PBXProject section */
		5596B65223ECABFA00C6D1C5 /* Project object */ = {
			isa = PBXProject;
			attributes = {
				LastSwiftUpdateCheck = 1130;
				LastUpgradeCheck = 1130;
				ORGANIZATIONNAME = "Felipe Amorim Bastos";
				TargetAttributes = {
					5596B65923ECABFA00C6D1C5 = {
						CreatedOnToolsVersion = 11.3.1;
					};
				};
			};
			buildConfigurationList = 5596B65523ECABFA00C6D1C5 /* Build configuration list for PBXProject "Calculator" */;
			compatibilityVersion = "Xcode 9.3";
			developmentRegion = en;
			hasScannedForEncodings = 0;
			knownRegions = (
				en,
				Base,
			);
			mainGroup = 5596B65123ECABFA00C6D1C5;
			productRefGroup = 5596B65B23ECABFA00C6D1C5 /* Products */;
			projectDirPath = "";
			projectRoot = "";
			targets = (
				5596B65923ECABFA00C6D1C5 /* Calculator */,
			);
		};
/* End PBXProject section */

/* Begin PBXResourcesBuildPhase section */
		5596B65823ECABFA00C6D1C5 /* Resources */ = {
			isa = PBXResourcesBuildPhase;
			buildActionMask = 2147483647;
			files = (
				5596B66A23ECABFB00C6D1C5 /* LaunchScreen.storyboard in Resources */,
				5596B66723ECABFB00C6D1C5 /* Assets.xcassets in Resources */,
				5596B66523ECABFA00C6D1C5 /* Main.storyboard in Resources */,
			);
			runOnlyForDeploymentPostprocessing = 0;
		};
/* End PBXResourcesBuildPhase section */

/* Begin PBXSourcesBuildPhase section */
		5596B65623ECABFA00C6D1C5 /* Sources */ = {
			isa = PBXSourcesBuildPhase;
			buildActionMask = 2147483647;
			files = (
				5596B66223ECABFA00C6D1C5 /* CalculatorViewController.swift in Sources */,
				5502A68023F0DD5500E3E25A /* SavesViewController.swift in Sources */,
				5502A68723F0E77B00E3E25A /* Result.swift in Sources */,
				5596B65E23ECABFA00C6D1C5 /* AppDelegate.swift in Sources */,
				5502A68423F0E6E300E3E25A /* NumbersCell.swift in Sources */,
				5596B66023ECABFA00C6D1C5 /* SceneDelegate.swift in Sources */,
			);
			runOnlyForDeploymentPostprocessing = 0;
		};
/* End PBXSourcesBuildPhase section */

/* Begin PBXVariantGroup section */
		5596B66323ECABFA00C6D1C5 /* Main.storyboard */ = {
			isa = PBXVariantGroup;
			children = (
				5596B66423ECABFA00C6D1C5 /* Base */,
			);
			name = Main.storyboard;
			sourceTree = "<group>";
		};
		5596B66823ECABFB00C6D1C5 /* LaunchScreen.storyboard */ = {
			isa = PBXVariantGroup;
			children = (
				5596B66923ECABFB00C6D1C5 /* Base */,
			);
			name = LaunchScreen.storyboard;
			sourceTree = "<group>";
		};
/* End PBXVariantGroup section */

/* Begin XCBuildConfiguration section */
		5596B66C23ECABFB00C6D1C5 /* Debug */ = {
			isa = XCBuildConfiguration;
			buildSettings = {
				ALWAYS_SEARCH_USER_PATHS = NO;
				CLANG_ANALYZER_NONNULL = YES;
				CLANG_ANALYZER_NUMBER_OBJECT_CONVERSION = YES_AGGRESSIVE;
				CLANG_CXX_LANGUAGE_STANDARD = "gnu++14";
				CLANG_CXX_LIBRARY = "libc++";
				CLANG_ENABLE_MODULES = YES;
				CLANG_ENABLE_OBJC_ARC = YES;
				CLANG_ENABLE_OBJC_WEAK = YES;
				CLANG_WARN_BLOCK_CAPTURE_AUTORELEASING = YES;
				CLANG_WARN_BOOL_CONVERSION = YES;
				CLANG_WARN_COMMA = YES;
				CLANG_WARN_CONSTANT_CONVERSION = YES;
				CLANG_WARN_DEPRECATED_OBJC_IMPLEMENTATIONS = YES;
				CLANG_WARN_DIRECT_OBJC_ISA_USAGE = YES_ERROR;
				CLANG_WARN_DOCUMENTATION_COMMENTS = YES;
				CLANG_WARN_EMPTY_BODY = YES;
				CLANG_WARN_ENUM_CONVERSION = YES;
				CLANG_WARN_INFINITE_RECURSION = YES;
				CLANG_WARN_INT_CONVERSION = YES;
				CLANG_WARN_NON_LITERAL_NULL_CONVERSION = YES;
				CLANG_WARN_OBJC_IMPLICIT_RETAIN_SELF = YES;
				CLANG_WARN_OBJC_LITERAL_CONVERSION = YES;
				CLANG_WARN_OBJC_ROOT_CLASS = YES_ERROR;
				CLANG_WARN_RANGE_LOOP_ANALYSIS = YES;
				CLANG_WARN_STRICT_PROTOTYPES = YES;
				CLANG_WARN_SUSPICIOUS_MOVE = YES;
				CLANG_WARN_UNGUARDED_AVAILABILITY = YES_AGGRESSIVE;
				CLANG_WARN_UNREACHABLE_CODE = YES;
				CLANG_WARN__DUPLICATE_METHOD_MATCH = YES;
				COPY_PHASE_STRIP = NO;
				DEBUG_INFORMATION_FORMAT = dwarf;
				ENABLE_STRICT_OBJC_MSGSEND = YES;
				ENABLE_TESTABILITY = YES;
				GCC_C_LANGUAGE_STANDARD = gnu11;
				GCC_DYNAMIC_NO_PIC = NO;
				GCC_NO_COMMON_BLOCKS = YES;
				GCC_OPTIMIZATION_LEVEL = 0;
				GCC_PREPROCESSOR_DEFINITIONS = (
					"DEBUG=1",
					"$(inherited)",
				);
				GCC_WARN_64_TO_32_BIT_CONVERSION = YES;
				GCC_WARN_ABOUT_RETURN_TYPE = YES_ERROR;
				GCC_WARN_UNDECLARED_SELECTOR = YES;
				GCC_WARN_UNINITIALIZED_AUTOS = YES_AGGRESSIVE;
				GCC_WARN_UNUSED_FUNCTION = YES;
				GCC_WARN_UNUSED_VARIABLE = YES;
				IPHONEOS_DEPLOYMENT_TARGET = 13.2;
				MTL_ENABLE_DEBUG_INFO = INCLUDE_SOURCE;
				MTL_FAST_MATH = YES;
				ONLY_ACTIVE_ARCH = YES;
				SDKROOT = iphoneos;
				SWIFT_ACTIVE_COMPILATION_CONDITIONS = DEBUG;
				SWIFT_OPTIMIZATION_LEVEL = "-Onone";
			};
			name = Debug;
		};
		5596B66D23ECABFB00C6D1C5 /* Release */ = {
			isa = XCBuildConfiguration;
			buildSettings = {
				ALWAYS_SEARCH_USER_PATHS = NO;
				CLANG_ANALYZER_NONNULL = YES;
				CLANG_ANALYZER_NUMBER_OBJECT_CONVERSION = YES_AGGRESSIVE;
				CLANG_CXX_LANGUAGE_STANDARD = "gnu++14";
				CLANG_CXX_LIBRARY = "libc++";
				CLANG_ENABLE_MODULES = YES;
				CLANG_ENABLE_OBJC_ARC = YES;
				CLANG_ENABLE_OBJC_WEAK = YES;
				CLANG_WARN_BLOCK_CAPTURE_AUTORELEASING = YES;
				CLANG_WARN_BOOL_CONVERSION = YES;
				CLANG_WARN_COMMA = YES;
				CLANG_WARN_CONSTANT_CONVERSION = YES;
				CLANG_WARN_DEPRECATED_OBJC_IMPLEMENTATIONS = YES;
				CLANG_WARN_DIRECT_OBJC_ISA_USAGE = YES_ERROR;
				CLANG_WARN_DOCUMENTATION_COMMENTS = YES;
				CLANG_WARN_EMPTY_BODY = YES;
				CLANG_WARN_ENUM_CONVERSION = YES;
				CLANG_WARN_INFINITE_RECURSION = YES;
				CLANG_WARN_INT_CONVERSION = YES;
				CLANG_WARN_NON_LITERAL_NULL_CONVERSION = YES;
				CLANG_WARN_OBJC_IMPLICIT_RETAIN_SELF = YES;
				CLANG_WARN_OBJC_LITERAL_CONVERSION = YES;
				CLANG_WARN_OBJC_ROOT_CLASS = YES_ERROR;
				CLANG_WARN_RANGE_LOOP_ANALYSIS = YES;
				CLANG_WARN_STRICT_PROTOTYPES = YES;
				CLANG_WARN_SUSPICIOUS_MOVE = YES;
				CLANG_WARN_UNGUARDED_AVAILABILITY = YES_AGGRESSIVE;
				CLANG_WARN_UNREACHABLE_CODE = YES;
				CLANG_WARN__DUPLICATE_METHOD_MATCH = YES;
				COPY_PHASE_STRIP = NO;
				DEBUG_INFORMATION_FORMAT = "dwarf-with-dsym";
				ENABLE_NS_ASSERTIONS = NO;
				ENABLE_STRICT_OBJC_MSGSEND = YES;
				GCC_C_LANGUAGE_STANDARD = gnu11;
				GCC_NO_COMMON_BLOCKS = YES;
				GCC_WARN_64_TO_32_BIT_CONVERSION = YES;
				GCC_WARN_ABOUT_RETURN_TYPE = YES_ERROR;
				GCC_WARN_UNDECLARED_SELECTOR = YES;
				GCC_WARN_UNINITIALIZED_AUTOS = YES_AGGRESSIVE;
				GCC_WARN_UNUSED_FUNCTION = YES;
				GCC_WARN_UNUSED_VARIABLE = YES;
				IPHONEOS_DEPLOYMENT_TARGET = 13.2;
				MTL_ENABLE_DEBUG_INFO = NO;
				MTL_FAST_MATH = YES;
				SDKROOT = iphoneos;
				SWIFT_COMPILATION_MODE = wholemodule;
				SWIFT_OPTIMIZATION_LEVEL = "-O";
				VALIDATE_PRODUCT = YES;
			};
			name = Release;
		};
		5596B66F23ECABFB00C6D1C5 /* Debug */ = {
			isa = XCBuildConfiguration;
			buildSettings = {
				ASSETCATALOG_COMPILER_APPICON_NAME = AppIcon;
				CODE_SIGN_STYLE = Automatic;
				INFOPLIST_FILE = Calculator/Info.plist;
				LD_RUNPATH_SEARCH_PATHS = (
					"$(inherited)",
					"@executable_path/Frameworks",
				);
				PRODUCT_BUNDLE_IDENTIFIER = com.FelipeBastos.Calculator;
				PRODUCT_NAME = "$(TARGET_NAME)";
				SWIFT_VERSION = 5.0;
				TARGETED_DEVICE_FAMILY = "1,2";
			};
			name = Debug;
		};
		5596B67023ECABFB00C6D1C5 /* Release */ = {
			isa = XCBuildConfiguration;
			buildSettings = {
				ASSETCATALOG_COMPILER_APPICON_NAME = AppIcon;
				CODE_SIGN_STYLE = Automatic;
				INFOPLIST_FILE = Calculator/Info.plist;
				LD_RUNPATH_SEARCH_PATHS = (
					"$(inherited)",
					"@executable_path/Frameworks",
				);
				PRODUCT_BUNDLE_IDENTIFIER = com.FelipeBastos.Calculator;
				PRODUCT_NAME = "$(TARGET_NAME)";
				SWIFT_VERSION = 5.0;
				TARGETED_DEVICE_FAMILY = "1,2";
			};
			name = Release;
		};
/* End XCBuildConfiguration section */

/* Begin XCConfigurationList section */
		5596B65523ECABFA00C6D1C5 /* Build configuration list for PBXProject "Calculator" */ = {
			isa = XCConfigurationList;
			buildConfigurations = (
				5596B66C23ECABFB00C6D1C5 /* Debug */,
				5596B66D23ECABFB00C6D1C5 /* Release */,
			);
			defaultConfigurationIsVisible = 0;
			defaultConfigurationName = Release;
		};
		5596B66E23ECABFB00C6D1C5 /* Build configuration list for PBXNativeTarget "Calculator" */ = {
			isa = XCConfigurationList;
			buildConfigurations = (
				5596B66F23ECABFB00C6D1C5 /* Debug */,
				5596B67023ECABFB00C6D1C5 /* Release */,
			);
			defaultConfigurationIsVisible = 0;
			defaultConfigurationName = Release;
		};
/* End XCConfigurationList section */
	};
	rootObject = 5596B65223ECABFA00C6D1C5 /* Project object */;
}
